
Microsoft Visual Studio Solution File, Format Version 12.00
# Visual Studio Version 16
VisualStudioVersion = 16.0.31911.196
MinimumVisualStudioVersion = 10.0.40219.1
Project("{8BC9CEB8-8B4A-11D0-8D11-00A0C91BC942}") = "Translator", "Translator\Translator.vcxproj", "{AC8A1B4A-43DB-4284-A4F3-B98613C94912}"
EndProject
Project("{8BC9CEB8-8B4A-11D0-8D11-00A0C91BC942}") = "TranslatorUnitTest", "TranslatorUnitTest\TranslatorUnitTest.vcxproj", "{2A261898-3937-403C-A288-C5FEB3F5B269}"
EndProject
Global
	GlobalSection(SolutionConfigurationPlatforms) = preSolution
		Debug|x64 = Debug|x64
		Debug|x86 = Debug|x86
		Release|x64 = Release|x64
		Release|x86 = Release|x86
	EndGlobalSection
	GlobalSection(ProjectConfigurationPlatforms) = postSolution
		{AC8A1B4A-43DB-4284-A4F3-B98613C94912}.Debug|x64.ActiveCfg = Debug|x64
		{AC8A1B4A-43DB-4284-A4F3-B98613C94912}.Debug|x64.Build.0 = Debug|x64
		{AC8A1B4A-43DB-4284-A4F3-B98613C94912}.Debug|x86.ActiveCfg = Debug|Win32
		{AC8A1B4A-43DB-4284-A4F3-B98613C94912}.Debug|x86.Build.0 = Debug|Win32
		{AC8A1B4A-43DB-4284-A4F3-B98613C94912}.Release|x64.ActiveCfg = Release|x64
		{AC8A1B4A-43DB-4284-A4F3-B98613C94912}.Release|x64.Build.0 = Release|x64
		{AC8A1B4A-43DB-4284-A4F3-B98613C94912}.Release|x86.ActiveCfg = Release|Win32
		{AC8A1B4A-43DB-4284-A4F3-B98613C94912}.Release|x86.Build.0 = Release|Win32
		{2A261898-3937-403C-A288-C5FEB3F5B269}.Debug|x64.ActiveCfg = Debug|x64
		{2A261898-3937-403C-A288-C5FEB3F5B269}.Debug|x64.Build.0 = Debug|x64
		{2A261898-3937-403C-A288-C5FEB3F5B269}.Debug|x86.ActiveCfg = Debug|Win32
		{2A261898-3937-403C-A288-C5FEB3F5B269}.Debug|x86.Build.0 = Debug|Win32
		{2A261898-3937-403C-A288-C5FEB3F5B269}.Release|x64.ActiveCfg = Release|x64
		{2A261898-3937-403C-A288-C5FEB3F5B269}.Release|x64.Build.0 = Release|x64
		{2A261898-3937-403C-A288-C5FEB3F5B269}.Release|x86.ActiveCfg = Release|Win32
		{2A261898-3937-403C-A288-C5FEB3F5B269}.Release|x86.Build.0 = Release|Win32
	EndGlobalSection
	GlobalSection(SolutionProperties) = preSolution
		HideSolutionNode = FALSE
	EndGlobalSection
	GlobalSection(ExtensibilityGlobals) = postSolution
		SolutionGuid = {90DB9FDD-F9A2-4B50-97CC-1086311AA775}
	EndGlobalSection
EndGlobal
