<?xml version="1.0" encoding="utf-8"?>
<Project ToolsVersion="4.0" xmlns="http://schemas.microsoft.com/developer/msbuild/2003">
  <ItemGroup>
    <Filter Include="Translator">
      <UniqueIdentifier>{04b8ddcb-a722-409c-b3eb-7b8f5bbaa885}</UniqueIdentifier>
    </Filter>
    <Filter Include="Translator\Modules">
      <UniqueIdentifier>{01a3c714-3b4d-44a1-aef3-75c7bd01b9e7}</UniqueIdentifier>
    </Filter>
    <Filter Include="Translator\Modules\IO">
      <UniqueIdentifier>{2ae87455-be45-46b4-9480-9a72b3302f00}</UniqueIdentifier>
    </Filter>
  </ItemGroup>
  <ItemGroup>
    <ClCompile Include="main.cpp" />
    <ClCompile Include="CIO.cpp">
      <Filter>Translator\Modules\IO</Filter>
    </ClCompile>
  </ItemGroup>
  <ItemGroup>
    <ClInclude Include="CIO.h">
      <Filter>Translator\Modules\IO</Filter>
    </ClInclude>
  </ItemGroup>
</Project>